
Microsoft Visual Studio Solution File, Format Version 12.00
# Visual Studio Version 17
VisualStudioVersion = 17.14.36429.23 d17.14
MinimumVisualStudioVersion = 10.0.40219.1
Project("{FAE04EC0-301F-11D3-BF4B-00C04F79EFBC}") = "imageprocessor", "imageprocessor\imageprocessor.csproj", "{81F197E1-3B21-447E-81B5-DCBDA748A50D}"
EndProject
Global
	GlobalSection(SolutionConfigurationPlatforms) = preSolution
		Debug|Any CPU = Debug|Any CPU
		Release|Any CPU = Release|Any CPU
	EndGlobalSection
	GlobalSection(ProjectConfigurationPlatforms) = postSolution
		{81F197E1-3B21-447E-81B5-DCBDA748A50D}.Debug|Any CPU.ActiveCfg = Debug|Any CPU
		{81F197E1-3B21-447E-81B5-DCBDA748A50D}.Debug|Any CPU.Build.0 = Debug|Any CPU
		{81F197E1-3B21-447E-81B5-DCBDA748A50D}.Release|Any CPU.ActiveCfg = Release|Any CPU
		{81F197E1-3B21-447E-81B5-DCBDA748A50D}.Release|Any CPU.Build.0 = Release|Any CPU
	EndGlobalSection
	GlobalSection(SolutionProperties) = preSolution
		HideSolutionNode = FALSE
	EndGlobalSection
	GlobalSection(ExtensibilityGlobals) = postSolution
		SolutionGuid = {6CBE408F-7691-4641-831C-50E620C24117}
	EndGlobalSection
EndGlobal
